{
  "name": "kafkajs-example",
  "version": "1.0.0",
  "lockfileVersion": 2,
  "requires": true,
  "packages": {
    "": {
      "name": "kafkajs-example",
      "version": "1.0.0",
      "license": "ISC",
      "dependencies": {
        "avro-js": "^1.10.2",
        "complete-teltonika-parser": "^0.3.4",
        "kafkajs": "^1.15.0"
      }
    },
    "node_modules/avro-js": {
      "version": "1.10.2",
      "resolved": "https://registry.npmjs.org/avro-js/-/avro-js-1.10.2.tgz",
      "integrity": "sha512-lkZAFBR54pmXQDWjDpZVZWWIJwi/3T3NED16ooiJp+sl0acFkBOOGL1OMguIP5P9A0R33s+eevy3ATIyqnxGVA==",
      "dependencies": {
        "underscore": "^1.12.0"
      }
    },
    "node_modules/complete-teltonika-parser": {
      "version": "0.3.4",
      "resolved": "https://registry.npmjs.org/complete-teltonika-parser/-/complete-teltonika-parser-0.3.4.tgz",
      "integrity": "sha512-rjmy0VSWQeBwfITSXDkqP2AGEvIF1MIAdQzOG3LWovTfYJZjGX68WA1eJ7wN4sRpDY3JaJC+Rsc9t3YJp0WhjA=="
    },
    "node_modules/kafkajs": {
      "version": "1.15.0",
      "resolved": "https://registry.npmjs.org/kafkajs/-/kafkajs-1.15.0.tgz",
      "integrity": "sha512-yjPyEnQCkPxAuQLIJnY5dI+xnmmgXmhuOQ1GVxClG5KTOV/rJcW1qA3UfvyEJKTp/RTSqQnUR3HJsKFvHyTpNg==",
      "engines": {
        "node": ">=10.13.0"
      }
    },
    "node_modules/underscore": {
      "version": "1.13.1",
      "resolved": "https://registry.npmjs.org/underscore/-/underscore-1.13.1.tgz",
      "integrity": "sha512-hzSoAVtJF+3ZtiFX0VgfFPHEDRm7Y/QPjGyNo4TVdnDTdft3tr8hEkD25a1jC+TjTuE7tkHGKkhwCgs9dgBB2g=="
    }
  },
  "dependencies": {
    "avro-js": {
      "version": "1.10.2",
      "resolved": "https://registry.npmjs.org/avro-js/-/avro-js-1.10.2.tgz",
      "integrity": "sha512-lkZAFBR54pmXQDWjDpZVZWWIJwi/3T3NED16ooiJp+sl0acFkBOOGL1OMguIP5P9A0R33s+eevy3ATIyqnxGVA==",
      "requires": {
        "underscore": "^1.12.0"
      }
    },
    "complete-teltonika-parser": {
      "version": "0.3.4",
      "resolved": "https://registry.npmjs.org/complete-teltonika-parser/-/complete-teltonika-parser-0.3.4.tgz",
      "integrity": "sha512-rjmy0VSWQeBwfITSXDkqP2AGEvIF1MIAdQzOG3LWovTfYJZjGX68WA1eJ7wN4sRpDY3JaJC+Rsc9t3YJp0WhjA=="
    },
    "kafkajs": {
      "version": "1.15.0",
      "resolved": "https://registry.npmjs.org/kafkajs/-/kafkajs-1.15.0.tgz",
      "integrity": "sha512-yjPyEnQCkPxAuQLIJnY5dI+xnmmgXmhuOQ1GVxClG5KTOV/rJcW1qA3UfvyEJKTp/RTSqQnUR3HJsKFvHyTpNg=="
    },
    "underscore": {
      "version": "1.13.1",
      "resolved": "https://registry.npmjs.org/underscore/-/underscore-1.13.1.tgz",
      "integrity": "sha512-hzSoAVtJF+3ZtiFX0VgfFPHEDRm7Y/QPjGyNo4TVdnDTdft3tr8hEkD25a1jC+TjTuE7tkHGKkhwCgs9dgBB2g=="
    }
  }
}
